
Microsoft Visual Studio Solution File, Format Version 12.00
# Visual Studio Version 16
VisualStudioVersion = 16.0.31112.23
MinimumVisualStudioVersion = 10.0.40219.1
Project("{9A19103F-16F7-4668-BE54-9A1E7A4F7556}") = "WorkfulnessAPI", "WorkfulnessAPI\WorkfulnessAPI.csproj", "{46976AB4-0D7B-4B0A-9145-187622CDE6C8}"
EndProject
Project("{9A19103F-16F7-4668-BE54-9A1E7A4F7556}") = "WorkfulnessAPI.Database", "WorkfulnessAPI.Database\WorkfulnessAPI.Database.csproj", "{54A61C5D-B6BE-4E7E-ACB0-D4D9F96CCA0A}"
EndProject
Project("{9A19103F-16F7-4668-BE54-9A1E7A4F7556}") = "WorkfulnessAPI.Services", "WorkfulnessAPI.Services\WorkfulnessAPI.Services.csproj", "{5D4444E4-D097-4923-A83B-00C4A3E82CAB}"
EndProject
Project("{9A19103F-16F7-4668-BE54-9A1E7A4F7556}") = "Workfulness.Client", "Workfulness.Client\Workfulness.Client.csproj", "{EE1F5DD7-40B9-4C79-960C-AFA8AA209D81}"
EndProject
Global
	GlobalSection(SolutionConfigurationPlatforms) = preSolution
		Debug|Any CPU = Debug|Any CPU
		Release|Any CPU = Release|Any CPU
	EndGlobalSection
	GlobalSection(ProjectConfigurationPlatforms) = postSolution
		{46976AB4-0D7B-4B0A-9145-187622CDE6C8}.Debug|Any CPU.ActiveCfg = Debug|Any CPU
		{46976AB4-0D7B-4B0A-9145-187622CDE6C8}.Debug|Any CPU.Build.0 = Debug|Any CPU
		{46976AB4-0D7B-4B0A-9145-187622CDE6C8}.Release|Any CPU.ActiveCfg = Release|Any CPU
		{46976AB4-0D7B-4B0A-9145-187622CDE6C8}.Release|Any CPU.Build.0 = Release|Any CPU
		{54A61C5D-B6BE-4E7E-ACB0-D4D9F96CCA0A}.Debug|Any CPU.ActiveCfg = Debug|Any CPU
		{54A61C5D-B6BE-4E7E-ACB0-D4D9F96CCA0A}.Debug|Any CPU.Build.0 = Debug|Any CPU
		{54A61C5D-B6BE-4E7E-ACB0-D4D9F96CCA0A}.Release|Any CPU.ActiveCfg = Release|Any CPU
		{54A61C5D-B6BE-4E7E-ACB0-D4D9F96CCA0A}.Release|Any CPU.Build.0 = Release|Any CPU
		{5D4444E4-D097-4923-A83B-00C4A3E82CAB}.Debug|Any CPU.ActiveCfg = Debug|Any CPU
		{5D4444E4-D097-4923-A83B-00C4A3E82CAB}.Debug|Any CPU.Build.0 = Debug|Any CPU
		{5D4444E4-D097-4923-A83B-00C4A3E82CAB}.Release|Any CPU.ActiveCfg = Release|Any CPU
		{5D4444E4-D097-4923-A83B-00C4A3E82CAB}.Release|Any CPU.Build.0 = Release|Any CPU
		{EE1F5DD7-40B9-4C79-960C-AFA8AA209D81}.Debug|Any CPU.ActiveCfg = Debug|Any CPU
		{EE1F5DD7-40B9-4C79-960C-AFA8AA209D81}.Debug|Any CPU.Build.0 = Debug|Any CPU
		{EE1F5DD7-40B9-4C79-960C-AFA8AA209D81}.Release|Any CPU.ActiveCfg = Release|Any CPU
		{EE1F5DD7-40B9-4C79-960C-AFA8AA209D81}.Release|Any CPU.Build.0 = Release|Any CPU
	EndGlobalSection
	GlobalSection(SolutionProperties) = preSolution
		HideSolutionNode = FALSE
	EndGlobalSection
	GlobalSection(ExtensibilityGlobals) = postSolution
		SolutionGuid = {1AA224C4-BA1A-44F2-A6F1-8C38D60F425F}
	EndGlobalSection
EndGlobal
